
Microsoft Visual Studio Solution File, Format Version 12.00
# Visual Studio Version 17
VisualStudioVersion = 17.1.32210.238
MinimumVisualStudioVersion = 10.0.40219.1
Project("{FAE04EC0-301F-11D3-BF4B-00C04F79EFBC}") = "Part 3b - Getting Input", "Part 3b - Getting Input\Part 3b - Getting Input.csproj", "{C5050FAE-EC83-43D0-85E1-2FB903EB44E1}"
EndProject
Global
	GlobalSection(SolutionConfigurationPlatforms) = preSolution
		Debug|Any CPU = Debug|Any CPU
		Release|Any CPU = Release|Any CPU
	EndGlobalSection
	GlobalSection(ProjectConfigurationPlatforms) = postSolution
		{C5050FAE-EC83-43D0-85E1-2FB903EB44E1}.Debug|Any CPU.ActiveCfg = Debug|Any CPU
		{C5050FAE-EC83-43D0-85E1-2FB903EB44E1}.Debug|Any CPU.Build.0 = Debug|Any CPU
		{C5050FAE-EC83-43D0-85E1-2FB903EB44E1}.Release|Any CPU.ActiveCfg = Release|Any CPU
		{C5050FAE-EC83-43D0-85E1-2FB903EB44E1}.Release|Any CPU.Build.0 = Release|Any CPU
	EndGlobalSection
	GlobalSection(SolutionProperties) = preSolution
		HideSolutionNode = FALSE
	EndGlobalSection
	GlobalSection(ExtensibilityGlobals) = postSolution
		SolutionGuid = {65222442-2838-4F3E-BB0A-D5053D8A91CA}
	EndGlobalSection
EndGlobal
